
Microsoft Visual Studio Solution File, Format Version 12.00
# Visual Studio 15
VisualStudioVersion = 15.0.27428.2037
MinimumVisualStudioVersion = 10.0.40219.1
Project("{FAE04EC0-301F-11D3-BF4B-00C04F79EFBC}") = "SpedFiscal", "SpedFiscal\SpedFiscal.csproj", "{062B0AFE-D02E-4DE0-B55E-2697C30D47CA}"
EndProject
Global
	GlobalSection(SolutionConfigurationPlatforms) = preSolution
		Debug|Any CPU = Debug|Any CPU
		Release|Any CPU = Release|Any CPU
	EndGlobalSection
	GlobalSection(ProjectConfigurationPlatforms) = postSolution
		{062B0AFE-D02E-4DE0-B55E-2697C30D47CA}.Debug|Any CPU.ActiveCfg = Debug|Any CPU
		{062B0AFE-D02E-4DE0-B55E-2697C30D47CA}.Debug|Any CPU.Build.0 = Debug|Any CPU
		{062B0AFE-D02E-4DE0-B55E-2697C30D47CA}.Release|Any CPU.ActiveCfg = Release|Any CPU
		{062B0AFE-D02E-4DE0-B55E-2697C30D47CA}.Release|Any CPU.Build.0 = Release|Any CPU
	EndGlobalSection
	GlobalSection(SolutionProperties) = preSolution
		HideSolutionNode = FALSE
	EndGlobalSection
	GlobalSection(ExtensibilityGlobals) = postSolution
		SolutionGuid = {75AC6F56-E141-4B08-B29F-4DB15FAE41D6}
	EndGlobalSection
EndGlobal
